
Microsoft Visual Studio Solution File, Format Version 12.00
# Visual Studio Version 17
VisualStudioVersion = 17.1.32421.90
MinimumVisualStudioVersion = 10.0.40219.1
Project("{9A19103F-16F7-4668-BE54-9A1E7A4F7556}") = "GameServerData", "GameServerData\GameServerData.csproj", "{6A6EB081-F030-43FA-858B-429CB15B7777}"
EndProject
Project("{FAE04EC0-301F-11D3-BF4B-00C04F79EFBC}") = "Startup", "Startup\Startup.csproj", "{D4321167-0C88-4F66-A6E9-9F27D2A94249}"
EndProject
Global
	GlobalSection(SolutionConfigurationPlatforms) = preSolution
		Debug|Any CPU = Debug|Any CPU
		Release|Any CPU = Release|Any CPU
	EndGlobalSection
	GlobalSection(ProjectConfigurationPlatforms) = postSolution
		{6A6EB081-F030-43FA-858B-429CB15B7777}.Debug|Any CPU.ActiveCfg = Debug|Any CPU
		{6A6EB081-F030-43FA-858B-429CB15B7777}.Debug|Any CPU.Build.0 = Debug|Any CPU
		{6A6EB081-F030-43FA-858B-429CB15B7777}.Release|Any CPU.ActiveCfg = Release|Any CPU
		{6A6EB081-F030-43FA-858B-429CB15B7777}.Release|Any CPU.Build.0 = Release|Any CPU
		{D4321167-0C88-4F66-A6E9-9F27D2A94249}.Debug|Any CPU.ActiveCfg = Debug|Any CPU
		{D4321167-0C88-4F66-A6E9-9F27D2A94249}.Debug|Any CPU.Build.0 = Debug|Any CPU
		{D4321167-0C88-4F66-A6E9-9F27D2A94249}.Release|Any CPU.ActiveCfg = Release|Any CPU
		{D4321167-0C88-4F66-A6E9-9F27D2A94249}.Release|Any CPU.Build.0 = Release|Any CPU
	EndGlobalSection
	GlobalSection(SolutionProperties) = preSolution
		HideSolutionNode = FALSE
	EndGlobalSection
	GlobalSection(ExtensibilityGlobals) = postSolution
		SolutionGuid = {1582BCB0-8C86-4248-B9DC-9A45050E2848}
	EndGlobalSection
EndGlobal
